{
  "name": "catalyst-test",
  "version": "1.0.0",
  "lockfileVersion": 3,
  "requires": true,
  "packages": {
    "": {
      "name": "catalyst-test",
      "version": "1.0.0",
      "license": "ISC",
      "devDependencies": {
        "@xerilium/catalyst": "file:../dist/catalyst-latest.tgz"
      }
    },
    "node_modules/@xerilium/catalyst": {
      "version": "0.0.5-dev",
      "resolved": "file:../dist/catalyst-latest.tgz",
      "integrity": "sha512-rNLL78C8eAvn99ma5M1X5SOhA/AMMgwfwnWN6qGjv7W/kN6UU4SUjEeLwDDZdTF+jLsY6ohiMUzZCUQNAyRUdQ==",
      "dev": true,
      "hasInstallScript": true,
      "license": "Apache-2.0"
    }
  }
}
